
Microsoft Visual Studio Solution File, Format Version 12.00
# Visual Studio Version 17
VisualStudioVersion = 17.2.32616.157
MinimumVisualStudioVersion = 10.0.40219.1
Project("{F184B08F-C81C-45F6-A57F-5ABD9991F28F}") = "Space Shooter Game", "Space Shooter Game.vbproj", "{2D09C122-4C8C-46C1-B647-2BDBD7A4A33E}"
EndProject
Global
	GlobalSection(SolutionConfigurationPlatforms) = preSolution
		Debug|Any CPU = Debug|Any CPU
		Release|Any CPU = Release|Any CPU
	EndGlobalSection
	GlobalSection(ProjectConfigurationPlatforms) = postSolution
		{2D09C122-4C8C-46C1-B647-2BDBD7A4A33E}.Debug|Any CPU.ActiveCfg = Debug|Any CPU
		{2D09C122-4C8C-46C1-B647-2BDBD7A4A33E}.Debug|Any CPU.Build.0 = Debug|Any CPU
		{2D09C122-4C8C-46C1-B647-2BDBD7A4A33E}.Release|Any CPU.ActiveCfg = Release|Any CPU
		{2D09C122-4C8C-46C1-B647-2BDBD7A4A33E}.Release|Any CPU.Build.0 = Release|Any CPU
	EndGlobalSection
	GlobalSection(SolutionProperties) = preSolution
		HideSolutionNode = FALSE
	EndGlobalSection
	GlobalSection(ExtensibilityGlobals) = postSolution
		SolutionGuid = {F0C094FD-7011-427D-A1A7-D1D033901F39}
	EndGlobalSection
EndGlobal
